
Microsoft Visual Studio Solution File, Format Version 12.00
# Visual Studio Version 16
VisualStudioVersion = 16.0.30413.136
MinimumVisualStudioVersion = 10.0.40219.1
Project("{FAE04EC0-301F-11D3-BF4B-00C04F79EFBC}") = "CopyDetection", "CopyDetection.csproj", "{8E3E3463-54FE-4196-B9F8-75D8C442314D}"
EndProject
Project("{FAE04EC0-301F-11D3-BF4B-00C04F79EFBC}") = "CopyDetectionTest", "..\CopyDetectionTest\CopyDetectionTest.csproj", "{90367782-8AAC-485B-93CB-D48BD5BE3E9A}"
EndProject
Global
	GlobalSection(SolutionConfigurationPlatforms) = preSolution
		Debug|Any CPU = Debug|Any CPU
		Release|Any CPU = Release|Any CPU
	EndGlobalSection
	GlobalSection(ProjectConfigurationPlatforms) = postSolution
		{8E3E3463-54FE-4196-B9F8-75D8C442314D}.Debug|Any CPU.ActiveCfg = Debug|Any CPU
		{8E3E3463-54FE-4196-B9F8-75D8C442314D}.Debug|Any CPU.Build.0 = Debug|Any CPU
		{8E3E3463-54FE-4196-B9F8-75D8C442314D}.Release|Any CPU.ActiveCfg = Release|Any CPU
		{8E3E3463-54FE-4196-B9F8-75D8C442314D}.Release|Any CPU.Build.0 = Release|Any CPU
		{90367782-8AAC-485B-93CB-D48BD5BE3E9A}.Debug|Any CPU.ActiveCfg = Debug|Any CPU
		{90367782-8AAC-485B-93CB-D48BD5BE3E9A}.Debug|Any CPU.Build.0 = Debug|Any CPU
		{90367782-8AAC-485B-93CB-D48BD5BE3E9A}.Release|Any CPU.ActiveCfg = Release|Any CPU
		{90367782-8AAC-485B-93CB-D48BD5BE3E9A}.Release|Any CPU.Build.0 = Release|Any CPU
	EndGlobalSection
	GlobalSection(SolutionProperties) = preSolution
		HideSolutionNode = FALSE
	EndGlobalSection
	GlobalSection(ExtensibilityGlobals) = postSolution
		SolutionGuid = {5728F636-165F-4B4A-BCFA-46D85F50E2BE}
	EndGlobalSection
EndGlobal
